
Microsoft Visual Studio Solution File, Format Version 12.00
# Visual Studio Version 17
VisualStudioVersion = 17.13.35825.156
MinimumVisualStudioVersion = 10.0.40219.1
Project("{FAE04EC0-301F-11D3-BF4B-00C04F79EFBC}") = "TDD Homework", "TDD Homework\TDD Homework.csproj", "{ADFF2DC6-90B9-4DD6-AB79-99D037FF403C}"
EndProject
Project("{FAE04EC0-301F-11D3-BF4B-00C04F79EFBC}") = "TDD HomeworkTests1", "TDD HomeworkTests1\TDD HomeworkTests1.csproj", "{B527ABAE-4B03-41CA-8CF9-5D4C2A6BE755}"
EndProject
Global
	GlobalSection(SolutionConfigurationPlatforms) = preSolution
		Debug|Any CPU = Debug|Any CPU
		Release|Any CPU = Release|Any CPU
	EndGlobalSection
	GlobalSection(ProjectConfigurationPlatforms) = postSolution
		{ADFF2DC6-90B9-4DD6-AB79-99D037FF403C}.Debug|Any CPU.ActiveCfg = Debug|Any CPU
		{ADFF2DC6-90B9-4DD6-AB79-99D037FF403C}.Debug|Any CPU.Build.0 = Debug|Any CPU
		{ADFF2DC6-90B9-4DD6-AB79-99D037FF403C}.Release|Any CPU.ActiveCfg = Release|Any CPU
		{ADFF2DC6-90B9-4DD6-AB79-99D037FF403C}.Release|Any CPU.Build.0 = Release|Any CPU
		{B527ABAE-4B03-41CA-8CF9-5D4C2A6BE755}.Debug|Any CPU.ActiveCfg = Debug|Any CPU
		{B527ABAE-4B03-41CA-8CF9-5D4C2A6BE755}.Debug|Any CPU.Build.0 = Debug|Any CPU
		{B527ABAE-4B03-41CA-8CF9-5D4C2A6BE755}.Release|Any CPU.ActiveCfg = Release|Any CPU
		{B527ABAE-4B03-41CA-8CF9-5D4C2A6BE755}.Release|Any CPU.Build.0 = Release|Any CPU
	EndGlobalSection
	GlobalSection(SolutionProperties) = preSolution
		HideSolutionNode = FALSE
	EndGlobalSection
	GlobalSection(ExtensibilityGlobals) = postSolution
		SolutionGuid = {031C3C10-4444-4C50-B937-C0EA69CCBE1E}
	EndGlobalSection
EndGlobal
