
Microsoft Visual Studio Solution File, Format Version 12.00
# Visual Studio Version 17
VisualStudioVersion = 17.13.35825.156
MinimumVisualStudioVersion = 10.0.40219.1
Project("{FAE04EC0-301F-11D3-BF4B-00C04F79EFBC}") = "WinFormsApp1", "WinFormsApp1\WinFormsApp1.csproj", "{94C0AC04-B1BC-41B3-BFD6-A85C617B12A4}"
EndProject
Project("{FAE04EC0-301F-11D3-BF4B-00C04F79EFBC}") = "inserting_Questions_delete_Questions.Tests", "inserting_Questions_delete_Questions.Tests\inserting_Questions_delete_Questions.Tests.csproj", "{D8C794D2-CDF5-46D3-88E9-2557598E74C0}"
EndProject
Project("{FAE04EC0-301F-11D3-BF4B-00C04F79EFBC}") = "WinFormsApp1Tests", "WinFormsApp1Tests\WinFormsApp1Tests.csproj", "{B8FA044A-0F8E-4C68-9E45-C15EDD3463F7}"
EndProject
Global
	GlobalSection(SolutionConfigurationPlatforms) = preSolution
		Debug|Any CPU = Debug|Any CPU
		Release|Any CPU = Release|Any CPU
	EndGlobalSection
	GlobalSection(ProjectConfigurationPlatforms) = postSolution
		{94C0AC04-B1BC-41B3-BFD6-A85C617B12A4}.Debug|Any CPU.ActiveCfg = Debug|Any CPU
		{94C0AC04-B1BC-41B3-BFD6-A85C617B12A4}.Debug|Any CPU.Build.0 = Debug|Any CPU
		{94C0AC04-B1BC-41B3-BFD6-A85C617B12A4}.Release|Any CPU.ActiveCfg = Release|Any CPU
		{94C0AC04-B1BC-41B3-BFD6-A85C617B12A4}.Release|Any CPU.Build.0 = Release|Any CPU
		{D8C794D2-CDF5-46D3-88E9-2557598E74C0}.Debug|Any CPU.ActiveCfg = Debug|Any CPU
		{D8C794D2-CDF5-46D3-88E9-2557598E74C0}.Debug|Any CPU.Build.0 = Debug|Any CPU
		{D8C794D2-CDF5-46D3-88E9-2557598E74C0}.Release|Any CPU.ActiveCfg = Release|Any CPU
		{D8C794D2-CDF5-46D3-88E9-2557598E74C0}.Release|Any CPU.Build.0 = Release|Any CPU
		{B8FA044A-0F8E-4C68-9E45-C15EDD3463F7}.Debug|Any CPU.ActiveCfg = Debug|Any CPU
		{B8FA044A-0F8E-4C68-9E45-C15EDD3463F7}.Debug|Any CPU.Build.0 = Debug|Any CPU
		{B8FA044A-0F8E-4C68-9E45-C15EDD3463F7}.Release|Any CPU.ActiveCfg = Release|Any CPU
		{B8FA044A-0F8E-4C68-9E45-C15EDD3463F7}.Release|Any CPU.Build.0 = Release|Any CPU
	EndGlobalSection
	GlobalSection(SolutionProperties) = preSolution
		HideSolutionNode = FALSE
	EndGlobalSection
	GlobalSection(ExtensibilityGlobals) = postSolution
		SolutionGuid = {D91B7BF1-C817-46D7-AE30-8C8BC6902D21}
	EndGlobalSection
EndGlobal
